// !$*UTF8*$!
{
	archiveVersion = 1;
	classes = {
	};
	objectVersion = 46;
	objects = {

/* Begin PBXBuildFile section */
		6E449D721CB8B47300165E9B /* main.m in Sources */ = {isa = PBXBuildFile; fileRef = 6E449D711CB8B47300165E9B /* main.m */; };
		6E449D751CB8B47300165E9B /* AppDelegate.m in Sources */ = {isa = PBXBuildFile; fileRef = 6E449D741CB8B47300165E9B /* AppDelegate.m */; };
		6E449D781CB8B47300165E9B /* ViewController.m in Sources */ = {isa = PBXBuildFile; fileRef = 6E449D771CB8B47300165E9B /* ViewController.m */; };
		6E449D7B1CB8B47300165E9B /* Main.storyboard in Resources */ = {isa = PBXBuildFile; fileRef = 6E449D791CB8B47300165E9B /* Main.storyboard */; };
		6E449D7D1CB8B47300165E9B /* Assets.xcassets in Resources */ = {isa = PBXBuildFile; fileRef = 6E449D7C1CB8B47300165E9B /* Assets.xcassets */; };
		6E449D801CB8B47300165E9B /* LaunchScreen.storyboard in Resources */ = {isa = PBXBuildFile; fileRef = 6E449D7E1CB8B47300165E9B /* LaunchScreen.storyboard */; };
		6E449D8B1CB8B47300165E9B /* DFINetworkManagerDemoTests.m in Sources */ = {isa = PBXBuildFile; fileRef = 6E449D8A1CB8B47300165E9B /* DFINetworkManagerDemoTests.m */; };
		6E449D961CB8B47300165E9B /* DFINetworkManagerDemoUITests.m in Sources */ = {isa = PBXBuildFile; fileRef = 6E449D951CB8B47300165E9B /* DFINetworkManagerDemoUITests.m */; };
		6E449DCA1CB8B49A00165E9B /* DFIErrorHandler.m in Sources */ = {isa = PBXBuildFile; fileRef = 6E449DA71CB8B49A00165E9B /* DFIErrorHandler.m */; };
		6E449DCB1CB8B49A00165E9B /* DFINetworkAPIRequest.m in Sources */ = {isa = PBXBuildFile; fileRef = 6E449DA91CB8B49A00165E9B /* DFINetworkAPIRequest.m */; };
		6E449DCC1CB8B49A00165E9B /* DFINetworkCannotConnectToHostErrorHandler.m in Sources */ = {isa = PBXBuildFile; fileRef = 6E449DAB1CB8B49A00165E9B /* DFINetworkCannotConnectToHostErrorHandler.m */; };
		6E449DCD1CB8B49A00165E9B /* DFINetworkHTTPRequestService.m in Sources */ = {isa = PBXBuildFile; fileRef = 6E449DAD1CB8B49A00165E9B /* DFINetworkHTTPRequestService.m */; };
		6E449DCE1CB8B49A00165E9B /* DFINetworkNotificationNames.m in Sources */ = {isa = PBXBuildFile; fileRef = 6E449DB31CB8B49A00165E9B /* DFINetworkNotificationNames.m */; };
		6E449DCF1CB8B49A00165E9B /* DFINetworkReachabilityManager.m in Sources */ = {isa = PBXBuildFile; fileRef = 6E449DB51CB8B49A00165E9B /* DFINetworkReachabilityManager.m */; };
		6E449DD01CB8B49A00165E9B /* DFINetworkRequestResult.m in Sources */ = {isa = PBXBuildFile; fileRef = 6E449DB71CB8B49A00165E9B /* DFINetworkRequestResult.m */; };
		6E449DD11CB8B49A00165E9B /* DFINetworkService+RACSignalSupport.m in Sources */ = {isa = PBXBuildFile; fileRef = 6E449DB91CB8B49A00165E9B /* DFINetworkService+RACSignalSupport.m */; };
		6E449DD21CB8B49A00165E9B /* DFINetworkService.m in Sources */ = {isa = PBXBuildFile; fileRef = 6E449DBB1CB8B49A00165E9B /* DFINetworkService.m */; };
		6E449DD31CB8B49A00165E9B /* DFINetworkTCPRequestService.m in Sources */ = {isa = PBXBuildFile; fileRef = 6E449DC01CB8B49A00165E9B /* DFINetworkTCPRequestService.m */; };
		6E449DD41CB8B49A00165E9B /* DFINetworkTimeoutErrorHandler.m in Sources */ = {isa = PBXBuildFile; fileRef = 6E449DC21CB8B49A00165E9B /* DFINetworkTimeoutErrorHandler.m */; };
		6E449DD51CB8B49A00165E9B /* DFINetworkUDPRequestService.m in Sources */ = {isa = PBXBuildFile; fileRef = 6E449DC41CB8B49A00165E9B /* DFINetworkUDPRequestService.m */; };
		FA9934C7E8717EFDF40C60A2 /* libPods.a in Frameworks */ = {isa = PBXBuildFile; fileRef = 92A15944696D3E3DCD85F8A9 /* libPods.a */; };
/* End PBXBuildFile section */

/* Begin PBXContainerItemProxy section */
		6E449D871CB8B47300165E9B /* PBXContainerItemProxy */ = {
			isa = PBXContainerItemProxy;
			containerPortal = 6E449D651CB8B47300165E9B /* Project object */;
			proxyType = 1;
			remoteGlobalIDString = 6E449D6C1CB8B47300165E9B;
			remoteInfo = DFINetworkManagerDemo;
		};
		6E449D921CB8B47300165E9B /* PBXContainerItemProxy */ = {
			isa = PBXContainerItemProxy;
			containerPortal = 6E449D651CB8B47300165E9B /* Project object */;
			proxyType = 1;
			remoteGlobalIDString = 6E449D6C1CB8B47300165E9B;
			remoteInfo = DFINetworkManagerDemo;
		};
/* End PBXContainerItemProxy section */

/* Begin PBXFileReference section */
		6E449D6D1CB8B47300165E9B /* DFINetworkManagerDemo.app */ = {isa = PBXFileReference; explicitFileType = wrapper.application; includeInIndex = 0; path = DFINetworkManagerDemo.app; sourceTree = BUILT_PRODUCTS_DIR; };
		6E449D711CB8B47300165E9B /* main.m */ = {isa = PBXFileReference; lastKnownFileType = sourcecode.c.objc; path = main.m; sourceTree = "<group>"; };
		6E449D731CB8B47300165E9B /* AppDelegate.h */ = {isa = PBXFileReference; lastKnownFileType = sourcecode.c.h; path = AppDelegate.h; sourceTree = "<group>"; };
		6E449D741CB8B47300165E9B /* AppDelegate.m */ = {isa = PBXFileReference; lastKnownFileType = sourcecode.c.objc; path = AppDelegate.m; sourceTree = "<group>"; };
		6E449D761CB8B47300165E9B /* ViewController.h */ = {isa = PBXFileReference; lastKnownFileType = sourcecode.c.h; path = ViewController.h; sourceTree = "<group>"; };
		6E449D771CB8B47300165E9B /* ViewController.m */ = {isa = PBXFileReference; lastKnownFileType = sourcecode.c.objc; path = ViewController.m; sourceTree = "<group>"; };
		6E449D7A1CB8B47300165E9B /* Base */ = {isa = PBXFileReference; lastKnownFileType = file.storyboard; name = Base; path = Base.lproj/Main.storyboard; sourceTree = "<group>"; };
		6E449D7C1CB8B47300165E9B /* Assets.xcassets */ = {isa = PBXFileReference; lastKnownFileType = folder.assetcatalog; path = Assets.xcassets; sourceTree = "<group>"; };
		6E449D7F1CB8B47300165E9B /* Base */ = {isa = PBXFileReference; lastKnownFileType = file.storyboard; name = Base; path = Base.lproj/LaunchScreen.storyboard; sourceTree = "<group>"; };
		6E449D811CB8B47300165E9B /* Info.plist */ = {isa = PBXFileReference; lastKnownFileType = text.plist.xml; path = Info.plist; sourceTree = "<group>"; };
		6E449D861CB8B47300165E9B /* DFINetworkManagerDemoTests.xctest */ = {isa = PBXFileReference; explicitFileType = wrapper.cfbundle; includeInIndex = 0; path = DFINetworkManagerDemoTests.xctest; sourceTree = BUILT_PRODUCTS_DIR; };
		6E449D8A1CB8B47300165E9B /* DFINetworkManagerDemoTests.m */ = {isa = PBXFileReference; lastKnownFileType = sourcecode.c.objc; path = DFINetworkManagerDemoTests.m; sourceTree = "<group>"; };
		6E449D8C1CB8B47300165E9B /* Info.plist */ = {isa = PBXFileReference; lastKnownFileType = text.plist.xml; path = Info.plist; sourceTree = "<group>"; };
		6E449D911CB8B47300165E9B /* DFINetworkManagerDemoUITests.xctest */ = {isa = PBXFileReference; explicitFileType = wrapper.cfbundle; includeInIndex = 0; path = DFINetworkManagerDemoUITests.xctest; sourceTree = BUILT_PRODUCTS_DIR; };
		6E449D951CB8B47300165E9B /* DFINetworkManagerDemoUITests.m */ = {isa = PBXFileReference; lastKnownFileType = sourcecode.c.objc; path = DFINetworkManagerDemoUITests.m; sourceTree = "<group>"; };
		6E449D971CB8B47300165E9B /* Info.plist */ = {isa = PBXFileReference; lastKnownFileType = text.plist.xml; path = Info.plist; sourceTree = "<group>"; };
		6E449DA61CB8B49A00165E9B /* DFIErrorHandler.h */ = {isa = PBXFileReference; fileEncoding = 4; lastKnownFileType = sourcecode.c.h; path = DFIErrorHandler.h; sourceTree = "<group>"; };
		6E449DA71CB8B49A00165E9B /* DFIErrorHandler.m */ = {isa = PBXFileReference; fileEncoding = 4; lastKnownFileType = sourcecode.c.objc; path = DFIErrorHandler.m; sourceTree = "<group>"; };
		6E449DA81CB8B49A00165E9B /* DFINetworkAPIRequest.h */ = {isa = PBXFileReference; fileEncoding = 4; lastKnownFileType = sourcecode.c.h; path = DFINetworkAPIRequest.h; sourceTree = "<group>"; };
		6E449DA91CB8B49A00165E9B /* DFINetworkAPIRequest.m */ = {isa = PBXFileReference; fileEncoding = 4; lastKnownFileType = sourcecode.c.objc; path = DFINetworkAPIRequest.m; sourceTree = "<group>"; };
		6E449DAA1CB8B49A00165E9B /* DFINetworkCannotConnectToHostErrorHandler.h */ = {isa = PBXFileReference; fileEncoding = 4; lastKnownFileType = sourcecode.c.h; path = DFINetworkCannotConnectToHostErrorHandler.h; sourceTree = "<group>"; };
		6E449DAB1CB8B49A00165E9B /* DFINetworkCannotConnectToHostErrorHandler.m */ = {isa = PBXFileReference; fileEncoding = 4; lastKnownFileType = sourcecode.c.objc; path = DFINetworkCannotConnectToHostErrorHandler.m; sourceTree = "<group>"; };
		6E449DAC1CB8B49A00165E9B /* DFINetworkHTTPRequestService.h */ = {isa = PBXFileReference; fileEncoding = 4; lastKnownFileType = sourcecode.c.h; path = DFINetworkHTTPRequestService.h; sourceTree = "<group>"; };
		6E449DAD1CB8B49A00165E9B /* DFINetworkHTTPRequestService.m */ = {isa = PBXFileReference; fileEncoding = 4; lastKnownFileType = sourcecode.c.objc; path = DFINetworkHTTPRequestService.m; sourceTree = "<group>"; };
		6E449DAE1CB8B49A00165E9B /* DFINetworkManager-Swift-Briging-Header.h */ = {isa = PBXFileReference; fileEncoding = 4; lastKnownFileType = sourcecode.c.h; path = "DFINetworkManager-Swift-Briging-Header.h"; sourceTree = "<group>"; };
		6E449DAF1CB8B49A00165E9B /* DFINetworkManager.h */ = {isa = PBXFileReference; fileEncoding = 4; lastKnownFileType = sourcecode.c.h; path = DFINetworkManager.h; sourceTree = "<group>"; };
		6E449DB01CB8B49A00165E9B /* DFINetworkManagerDefines.h */ = {isa = PBXFileReference; fileEncoding = 4; lastKnownFileType = sourcecode.c.h; path = DFINetworkManagerDefines.h; sourceTree = "<group>"; };
		6E449DB11CB8B49A00165E9B /* DFINetworkManagerTypes.h */ = {isa = PBXFileReference; fileEncoding = 4; lastKnownFileType = sourcecode.c.h; path = DFINetworkManagerTypes.h; sourceTree = "<group>"; };
		6E449DB21CB8B49A00165E9B /* DFINetworkNotificationNames.h */ = {isa = PBXFileReference; fileEncoding = 4; lastKnownFileType = sourcecode.c.h; path = DFINetworkNotificationNames.h; sourceTree = "<group>"; };
		6E449DB31CB8B49A00165E9B /* DFINetworkNotificationNames.m */ = {isa = PBXFileReference; fileEncoding = 4; lastKnownFileType = sourcecode.c.objc; path = DFINetworkNotificationNames.m; sourceTree = "<group>"; };
		6E449DB41CB8B49A00165E9B /* DFINetworkReachabilityManager.h */ = {isa = PBXFileReference; fileEncoding = 4; lastKnownFileType = sourcecode.c.h; path = DFINetworkReachabilityManager.h; sourceTree = "<group>"; };
		6E449DB51CB8B49A00165E9B /* DFINetworkReachabilityManager.m */ = {isa = PBXFileReference; fileEncoding = 4; lastKnownFileType = sourcecode.c.objc; path = DFINetworkReachabilityManager.m; sourceTree = "<group>"; };
		6E449DB61CB8B49A00165E9B /* DFINetworkRequestResult.h */ = {isa = PBXFileReference; fileEncoding = 4; lastKnownFileType = sourcecode.c.h; path = DFINetworkRequestResult.h; sourceTree = "<group>"; };
		6E449DB71CB8B49A00165E9B /* DFINetworkRequestResult.m */ = {isa = PBXFileReference; fileEncoding = 4; lastKnownFileType = sourcecode.c.objc; path = DFINetworkRequestResult.m; sourceTree = "<group>"; };
		6E449DB81CB8B49A00165E9B /* DFINetworkService+RACSignalSupport.h */ = {isa = PBXFileReference; fileEncoding = 4; lastKnownFileType = sourcecode.c.h; path = "DFINetworkService+RACSignalSupport.h"; sourceTree = "<group>"; };
		6E449DB91CB8B49A00165E9B /* DFINetworkService+RACSignalSupport.m */ = {isa = PBXFileReference; fileEncoding = 4; lastKnownFileType = sourcecode.c.objc; path = "DFINetworkService+RACSignalSupport.m"; sourceTree = "<group>"; };
		6E449DBA1CB8B49A00165E9B /* DFINetworkService.h */ = {isa = PBXFileReference; fileEncoding = 4; lastKnownFileType = sourcecode.c.h; path = DFINetworkService.h; sourceTree = "<group>"; };
		6E449DBB1CB8B49A00165E9B /* DFINetworkService.m */ = {isa = PBXFileReference; fileEncoding = 4; lastKnownFileType = sourcecode.c.objc; path = DFINetworkService.m; sourceTree = "<group>"; };
		6E449DBC1CB8B49A00165E9B /* DFINetworkServiceAPIRequestDelegate.h */ = {isa = PBXFileReference; fileEncoding = 4; lastKnownFileType = sourcecode.c.h; path = DFINetworkServiceAPIRequestDelegate.h; sourceTree = "<group>"; };
		6E449DBD1CB8B49A00165E9B /* DFINetworkServiceInterface.h */ = {isa = PBXFileReference; fileEncoding = 4; lastKnownFileType = sourcecode.c.h; path = DFINetworkServiceInterface.h; sourceTree = "<group>"; };
		6E449DBE1CB8B49A00165E9B /* DFINetworkServiceRACSignalSupportInterface.h */ = {isa = PBXFileReference; fileEncoding = 4; lastKnownFileType = sourcecode.c.h; path = DFINetworkServiceRACSignalSupportInterface.h; sourceTree = "<group>"; };
		6E449DBF1CB8B49A00165E9B /* DFINetworkTCPRequestService.h */ = {isa = PBXFileReference; fileEncoding = 4; lastKnownFileType = sourcecode.c.h; path = DFINetworkTCPRequestService.h; sourceTree = "<group>"; };
		6E449DC01CB8B49A00165E9B /* DFINetworkTCPRequestService.m */ = {isa = PBXFileReference; fileEncoding = 4; lastKnownFileType = sourcecode.c.objc; path = DFINetworkTCPRequestService.m; sourceTree = "<group>"; };
		6E449DC11CB8B49A00165E9B /* DFINetworkTimeoutErrorHandler.h */ = {isa = PBXFileReference; fileEncoding = 4; lastKnownFileType = sourcecode.c.h; path = DFINetworkTimeoutErrorHandler.h; sourceTree = "<group>"; };
		6E449DC21CB8B49A00165E9B /* DFINetworkTimeoutErrorHandler.m */ = {isa = PBXFileReference; fileEncoding = 4; lastKnownFileType = sourcecode.c.objc; path = DFINetworkTimeoutErrorHandler.m; sourceTree = "<group>"; };
		6E449DC31CB8B49A00165E9B /* DFINetworkUDPRequestService.h */ = {isa = PBXFileReference; fileEncoding = 4; lastKnownFileType = sourcecode.c.h; path = DFINetworkUDPRequestService.h; sourceTree = "<group>"; };
		6E449DC41CB8B49A00165E9B /* DFINetworkUDPRequestService.m */ = {isa = PBXFileReference; fileEncoding = 4; lastKnownFileType = sourcecode.c.objc; path = DFINetworkUDPRequestService.m; sourceTree = "<group>"; };
		6F0AC38E829F9AA26ADB58F3 /* Pods.debug.xcconfig */ = {isa = PBXFileReference; includeInIndex = 1; lastKnownFileType = text.xcconfig; name = Pods.debug.xcconfig; path = "Pods/Target Support Files/Pods/Pods.debug.xcconfig"; sourceTree = "<group>"; };
		92A15944696D3E3DCD85F8A9 /* libPods.a */ = {isa = PBXFileReference; explicitFileType = archive.ar; includeInIndex = 0; path = libPods.a; sourceTree = BUILT_PRODUCTS_DIR; };
		F79A87546B64C0D6311CEF7B /* Pods.release.xcconfig */ = {isa = PBXFileReference; includeInIndex = 1; lastKnownFileType = text.xcconfig; name = Pods.release.xcconfig; path = "Pods/Target Support Files/Pods/Pods.release.xcconfig"; sourceTree = "<group>"; };
/* End PBXFileReference section */

/* Begin PBXFrameworksBuildPhase section */
		6E449D6A1CB8B47300165E9B /* Frameworks */ = {
			isa = PBXFrameworksBuildPhase;
			buildActionMask = 2147483647;
			files = (
				FA9934C7E8717EFDF40C60A2 /* libPods.a in Frameworks */,
			);
			runOnlyForDeploymentPostprocessing = 0;
		};
		6E449D831CB8B47300165E9B /* Frameworks */ = {
			isa = PBXFrameworksBuildPhase;
			buildActionMask = 2147483647;
			files = (
			);
			runOnlyForDeploymentPostprocessing = 0;
		};
		6E449D8E1CB8B47300165E9B /* Frameworks */ = {
			isa = PBXFrameworksBuildPhase;
			buildActionMask = 2147483647;
			files = (
			);
			runOnlyForDeploymentPostprocessing = 0;
		};
/* End PBXFrameworksBuildPhase section */

/* Begin PBXGroup section */
		6E449D641CB8B47300165E9B = {
			isa = PBXGroup;
			children = (
				6E449DA31CB8B49A00165E9B /* DFINetworkManager */,
				6E449D6F1CB8B47300165E9B /* DFINetworkManagerDemo */,
				6E449D891CB8B47300165E9B /* DFINetworkManagerDemoTests */,
				6E449D941CB8B47300165E9B /* DFINetworkManagerDemoUITests */,
				6E449D6E1CB8B47300165E9B /* Products */,
				B9EA65642B857524FC847BA5 /* Pods */,
				A7369264A10D88654F23584E /* Frameworks */,
			);
			sourceTree = "<group>";
		};
		6E449D6E1CB8B47300165E9B /* Products */ = {
			isa = PBXGroup;
			children = (
				6E449D6D1CB8B47300165E9B /* DFINetworkManagerDemo.app */,
				6E449D861CB8B47300165E9B /* DFINetworkManagerDemoTests.xctest */,
				6E449D911CB8B47300165E9B /* DFINetworkManagerDemoUITests.xctest */,
			);
			name = Products;
			sourceTree = "<group>";
		};
		6E449D6F1CB8B47300165E9B /* DFINetworkManagerDemo */ = {
			isa = PBXGroup;
			children = (
				6E449D731CB8B47300165E9B /* AppDelegate.h */,
				6E449D741CB8B47300165E9B /* AppDelegate.m */,
				6E449D761CB8B47300165E9B /* ViewController.h */,
				6E449D771CB8B47300165E9B /* ViewController.m */,
				6E449D791CB8B47300165E9B /* Main.storyboard */,
				6E449D7C1CB8B47300165E9B /* Assets.xcassets */,
				6E449D7E1CB8B47300165E9B /* LaunchScreen.storyboard */,
				6E449D811CB8B47300165E9B /* Info.plist */,
				6E449D701CB8B47300165E9B /* Supporting Files */,
			);
			path = DFINetworkManagerDemo;
			sourceTree = "<group>";
		};
		6E449D701CB8B47300165E9B /* Supporting Files */ = {
			isa = PBXGroup;
			children = (
				6E449D711CB8B47300165E9B /* main.m */,
			);
			name = "Supporting Files";
			sourceTree = "<group>";
		};
		6E449D891CB8B47300165E9B /* DFINetworkManagerDemoTests */ = {
			isa = PBXGroup;
			children = (
				6E449D8A1CB8B47300165E9B /* DFINetworkManagerDemoTests.m */,
				6E449D8C1CB8B47300165E9B /* Info.plist */,
			);
			path = DFINetworkManagerDemoTests;
			sourceTree = "<group>";
		};
		6E449D941CB8B47300165E9B /* DFINetworkManagerDemoUITests */ = {
			isa = PBXGroup;
			children = (
				6E449D951CB8B47300165E9B /* DFINetworkManagerDemoUITests.m */,
				6E449D971CB8B47300165E9B /* Info.plist */,
			);
			path = DFINetworkManagerDemoUITests;
			sourceTree = "<group>";
		};
		6E449DA31CB8B49A00165E9B /* DFINetworkManager */ = {
			isa = PBXGroup;
			children = (
				6E449DA61CB8B49A00165E9B /* DFIErrorHandler.h */,
				6E449DA71CB8B49A00165E9B /* DFIErrorHandler.m */,
				6E449DA81CB8B49A00165E9B /* DFINetworkAPIRequest.h */,
				6E449DA91CB8B49A00165E9B /* DFINetworkAPIRequest.m */,
				6E449DAA1CB8B49A00165E9B /* DFINetworkCannotConnectToHostErrorHandler.h */,
				6E449DAB1CB8B49A00165E9B /* DFINetworkCannotConnectToHostErrorHandler.m */,
				6E449DAC1CB8B49A00165E9B /* DFINetworkHTTPRequestService.h */,
				6E449DAD1CB8B49A00165E9B /* DFINetworkHTTPRequestService.m */,
				6E449DAE1CB8B49A00165E9B /* DFINetworkManager-Swift-Briging-Header.h */,
				6E449DAF1CB8B49A00165E9B /* DFINetworkManager.h */,
				6E449DB01CB8B49A00165E9B /* DFINetworkManagerDefines.h */,
				6E449DB11CB8B49A00165E9B /* DFINetworkManagerTypes.h */,
				6E449DB21CB8B49A00165E9B /* DFINetworkNotificationNames.h */,
				6E449DB31CB8B49A00165E9B /* DFINetworkNotificationNames.m */,
				6E449DB41CB8B49A00165E9B /* DFINetworkReachabilityManager.h */,
				6E449DB51CB8B49A00165E9B /* DFINetworkReachabilityManager.m */,
				6E449DB61CB8B49A00165E9B /* DFINetworkRequestResult.h */,
				6E449DB71CB8B49A00165E9B /* DFINetworkRequestResult.m */,
				6E449DB81CB8B49A00165E9B /* DFINetworkService+RACSignalSupport.h */,
				6E449DB91CB8B49A00165E9B /* DFINetworkService+RACSignalSupport.m */,
				6E449DBA1CB8B49A00165E9B /* DFINetworkService.h */,
				6E449DBB1CB8B49A00165E9B /* DFINetworkService.m */,
				6E449DBC1CB8B49A00165E9B /* DFINetworkServiceAPIRequestDelegate.h */,
				6E449DBD1CB8B49A00165E9B /* DFINetworkServiceInterface.h */,
				6E449DBE1CB8B49A00165E9B /* DFINetworkServiceRACSignalSupportInterface.h */,
				6E449DBF1CB8B49A00165E9B /* DFINetworkTCPRequestService.h */,
				6E449DC01CB8B49A00165E9B /* DFINetworkTCPRequestService.m */,
				6E449DC11CB8B49A00165E9B /* DFINetworkTimeoutErrorHandler.h */,
				6E449DC21CB8B49A00165E9B /* DFINetworkTimeoutErrorHandler.m */,
				6E449DC31CB8B49A00165E9B /* DFINetworkUDPRequestService.h */,
				6E449DC41CB8B49A00165E9B /* DFINetworkUDPRequestService.m */,
			);
			path = DFINetworkManager;
			sourceTree = "<group>";
		};
		A7369264A10D88654F23584E /* Frameworks */ = {
			isa = PBXGroup;
			children = (
				92A15944696D3E3DCD85F8A9 /* libPods.a */,
			);
			name = Frameworks;
			sourceTree = "<group>";
		};
		B9EA65642B857524FC847BA5 /* Pods */ = {
			isa = PBXGroup;
			children = (
				6F0AC38E829F9AA26ADB58F3 /* Pods.debug.xcconfig */,
				F79A87546B64C0D6311CEF7B /* Pods.release.xcconfig */,
			);
			name = Pods;
			sourceTree = "<group>";
		};
/* End PBXGroup section */

/* Begin PBXNativeTarget section */
		6E449D6C1CB8B47300165E9B /* DFINetworkManagerDemo */ = {
			isa = PBXNativeTarget;
			buildConfigurationList = 6E449D9A1CB8B47300165E9B /* Build configuration list for PBXNativeTarget "DFINetworkManagerDemo" */;
			buildPhases = (
				E00CCA8E753AA4E1E1C56E6A /* Check Pods Manifest.lock */,
				6E449D691CB8B47300165E9B /* Sources */,
				6E449D6A1CB8B47300165E9B /* Frameworks */,
				6E449D6B1CB8B47300165E9B /* Resources */,
				7219BAF6686C6C2D6F6404FC /* Embed Pods Frameworks */,
				BD56E2D5FFAC41DF8B919BF4 /* Copy Pods Resources */,
			);
			buildRules = (
			);
			dependencies = (
			);
			name = DFINetworkManagerDemo;
			productName = DFINetworkManagerDemo;
			productReference = 6E449D6D1CB8B47300165E9B /* DFINetworkManagerDemo.app */;
			productType = "com.apple.product-type.application";
		};
		6E449D851CB8B47300165E9B /* DFINetworkManagerDemoTests */ = {
			isa = PBXNativeTarget;
			buildConfigurationList = 6E449D9D1CB8B47300165E9B /* Build configuration list for PBXNativeTarget "DFINetworkManagerDemoTests" */;
			buildPhases = (
				6E449D821CB8B47300165E9B /* Sources */,
				6E449D831CB8B47300165E9B /* Frameworks */,
				6E449D841CB8B47300165E9B /* Resources */,
			);
			buildRules = (
			);
			dependencies = (
				6E449D881CB8B47300165E9B /* PBXTargetDependency */,
			);
			name = DFINetworkManagerDemoTests;
			productName = DFINetworkManagerDemoTests;
			productReference = 6E449D861CB8B47300165E9B /* DFINetworkManagerDemoTests.xctest */;
			productType = "com.apple.product-type.bundle.unit-test";
		};
		6E449D901CB8B47300165E9B /* DFINetworkManagerDemoUITests */ = {
			isa = PBXNativeTarget;
			buildConfigurationList = 6E449DA01CB8B47300165E9B /* Build configuration list for PBXNativeTarget "DFINetworkManagerDemoUITests" */;
			buildPhases = (
				6E449D8D1CB8B47300165E9B /* Sources */,
				6E449D8E1CB8B47300165E9B /* Frameworks */,
				6E449D8F1CB8B47300165E9B /* Resources */,
			);
			buildRules = (
			);
			dependencies = (
				6E449D931CB8B47300165E9B /* PBXTargetDependency */,
			);
			name = DFINetworkManagerDemoUITests;
			productName = DFINetworkManagerDemoUITests;
			productReference = 6E449D911CB8B47300165E9B /* DFINetworkManagerDemoUITests.xctest */;
			productType = "com.apple.product-type.bundle.ui-testing";
		};
/* End PBXNativeTarget section */

/* Begin PBXProject section */
		6E449D651CB8B47300165E9B /* Project object */ = {
			isa = PBXProject;
			attributes = {
				LastUpgradeCheck = 0730;
				ORGANIZATIONNAME = sdaheng;
				TargetAttributes = {
					6E449D6C1CB8B47300165E9B = {
						CreatedOnToolsVersion = 7.3;
					};
					6E449D851CB8B47300165E9B = {
						CreatedOnToolsVersion = 7.3;
						TestTargetID = 6E449D6C1CB8B47300165E9B;
					};
					6E449D901CB8B47300165E9B = {
						CreatedOnToolsVersion = 7.3;
						TestTargetID = 6E449D6C1CB8B47300165E9B;
					};
				};
			};
			buildConfigurationList = 6E449D681CB8B47300165E9B /* Build configuration list for PBXProject "DFINetworkManagerDemo" */;
			compatibilityVersion = "Xcode 3.2";
			developmentRegion = English;
			hasScannedForEncodings = 0;
			knownRegions = (
				en,
				Base,
			);
			mainGroup = 6E449D641CB8B47300165E9B;
			productRefGroup = 6E449D6E1CB8B47300165E9B /* Products */;
			projectDirPath = "";
			projectRoot = "";
			targets = (
				6E449D6C1CB8B47300165E9B /* DFINetworkManagerDemo */,
				6E449D851CB8B47300165E9B /* DFINetworkManagerDemoTests */,
				6E449D901CB8B47300165E9B /* DFINetworkManagerDemoUITests */,
			);
		};
/* End PBXProject section */

/* Begin PBXResourcesBuildPhase section */
		6E449D6B1CB8B47300165E9B /* Resources */ = {
			isa = PBXResourcesBuildPhase;
			buildActionMask = 2147483647;
			files = (
				6E449D801CB8B47300165E9B /* LaunchScreen.storyboard in Resources */,
				6E449D7D1CB8B47300165E9B /* Assets.xcassets in Resources */,
				6E449D7B1CB8B47300165E9B /* Main.storyboard in Resources */,
			);
			runOnlyForDeploymentPostprocessing = 0;
		};
		6E449D841CB8B47300165E9B /* Resources */ = {
			isa = PBXResourcesBuildPhase;
			buildActionMask = 2147483647;
			files = (
			);
			runOnlyForDeploymentPostprocessing = 0;
		};
		6E449D8F1CB8B47300165E9B /* Resources */ = {
			isa = PBXResourcesBuildPhase;
			buildActionMask = 2147483647;
			files = (
			);
			runOnlyForDeploymentPostprocessing = 0;
		};
/* End PBXResourcesBuildPhase section */

/* Begin PBXShellScriptBuildPhase section */
		7219BAF6686C6C2D6F6404FC /* Embed Pods Frameworks */ = {
			isa = PBXShellScriptBuildPhase;
			buildActionMask = 2147483647;
			files = (
			);
			inputPaths = (
			);
			name = "Embed Pods Frameworks";
			outputPaths = (
			);
			runOnlyForDeploymentPostprocessing = 0;
			shellPath = /bin/sh;
			shellScript = "\"${SRCROOT}/Pods/Target Support Files/Pods/Pods-frameworks.sh\"\n";
			showEnvVarsInLog = 0;
		};
		BD56E2D5FFAC41DF8B919BF4 /* Copy Pods Resources */ = {
			isa = PBXShellScriptBuildPhase;
			buildActionMask = 2147483647;
			files = (
			);
			inputPaths = (
			);
			name = "Copy Pods Resources";
			outputPaths = (
			);
			runOnlyForDeploymentPostprocessing = 0;
			shellPath = /bin/sh;
			shellScript = "\"${SRCROOT}/Pods/Target Support Files/Pods/Pods-resources.sh\"\n";
			showEnvVarsInLog = 0;
		};
		E00CCA8E753AA4E1E1C56E6A /* Check Pods Manifest.lock */ = {
			isa = PBXShellScriptBuildPhase;
			buildActionMask = 2147483647;
			files = (
			);
			inputPaths = (
			);
			name = "Check Pods Manifest.lock";
			outputPaths = (
			);
			runOnlyForDeploymentPostprocessing = 0;
			shellPath = /bin/sh;
			shellScript = "diff \"${PODS_ROOT}/../Podfile.lock\" \"${PODS_ROOT}/Manifest.lock\" > /dev/null\nif [[ $? != 0 ]] ; then\n    cat << EOM\nerror: The sandbox is not in sync with the Podfile.lock. Run 'pod install' or update your CocoaPods installation.\nEOM\n    exit 1\nfi\n";
			showEnvVarsInLog = 0;
		};
/* End PBXShellScriptBuildPhase section */

/* Begin PBXSourcesBuildPhase section */
		6E449D691CB8B47300165E9B /* Sources */ = {
			isa = PBXSourcesBuildPhase;
			buildActionMask = 2147483647;
			files = (
				6E449DCD1CB8B49A00165E9B /* DFINetworkHTTPRequestService.m in Sources */,
				6E449DD11CB8B49A00165E9B /* DFINetworkService+RACSignalSupport.m in Sources */,
				6E449DD41CB8B49A00165E9B /* DFINetworkTimeoutErrorHandler.m in Sources */,
				6E449DD01CB8B49A00165E9B /* DFINetworkRequestResult.m in Sources */,
				6E449D781CB8B47300165E9B /* ViewController.m in Sources */,
				6E449DCE1CB8B49A00165E9B /* DFINetworkNotificationNames.m in Sources */,
				6E449DCA1CB8B49A00165E9B /* DFIErrorHandler.m in Sources */,
				6E449DD51CB8B49A00165E9B /* DFINetworkUDPRequestService.m in Sources */,
				6E449DCC1CB8B49A00165E9B /* DFINetworkCannotConnectToHostErrorHandler.m in Sources */,
				6E449DCB1CB8B49A00165E9B /* DFINetworkAPIRequest.m in Sources */,
				6E449D751CB8B47300165E9B /* AppDelegate.m in Sources */,
				6E449D721CB8B47300165E9B /* main.m in Sources */,
				6E449DCF1CB8B49A00165E9B /* DFINetworkReachabilityManager.m in Sources */,
				6E449DD31CB8B49A00165E9B /* DFINetworkTCPRequestService.m in Sources */,
				6E449DD21CB8B49A00165E9B /* DFINetworkService.m in Sources */,
			);
			runOnlyForDeploymentPostprocessing = 0;
		};
		6E449D821CB8B47300165E9B /* Sources */ = {
			isa = PBXSourcesBuildPhase;
			buildActionMask = 2147483647;
			files = (
				6E449D8B1CB8B47300165E9B /* DFINetworkManagerDemoTests.m in Sources */,
			);
			runOnlyForDeploymentPostprocessing = 0;
		};
		6E449D8D1CB8B47300165E9B /* Sources */ = {
			isa = PBXSourcesBuildPhase;
			buildActionMask = 2147483647;
			files = (
				6E449D961CB8B47300165E9B /* DFINetworkManagerDemoUITests.m in Sources */,
			);
			runOnlyForDeploymentPostprocessing = 0;
		};
/* End PBXSourcesBuildPhase section */

/* Begin PBXTargetDependency section */
		6E449D881CB8B47300165E9B /* PBXTargetDependency */ = {
			isa = PBXTargetDependency;
			target = 6E449D6C1CB8B47300165E9B /* DFINetworkManagerDemo */;
			targetProxy = 6E449D871CB8B47300165E9B /* PBXContainerItemProxy */;
		};
		6E449D931CB8B47300165E9B /* PBXTargetDependency */ = {
			isa = PBXTargetDependency;
			target = 6E449D6C1CB8B47300165E9B /* DFINetworkManagerDemo */;
			targetProxy = 6E449D921CB8B47300165E9B /* PBXContainerItemProxy */;
		};
/* End PBXTargetDependency section */

/* Begin PBXVariantGroup section */
		6E449D791CB8B47300165E9B /* Main.storyboard */ = {
			isa = PBXVariantGroup;
			children = (
				6E449D7A1CB8B47300165E9B /* Base */,
			);
			name = Main.storyboard;
			sourceTree = "<group>";
		};
		6E449D7E1CB8B47300165E9B /* LaunchScreen.storyboard */ = {
			isa = PBXVariantGroup;
			children = (
				6E449D7F1CB8B47300165E9B /* Base */,
			);
			name = LaunchScreen.storyboard;
			sourceTree = "<group>";
		};
/* End PBXVariantGroup section */

/* Begin XCBuildConfiguration section */
		6E449D981CB8B47300165E9B /* Debug */ = {
			isa = XCBuildConfiguration;
			buildSettings = {
				ALWAYS_SEARCH_USER_PATHS = NO;
				CLANG_ANALYZER_NONNULL = YES;
				CLANG_CXX_LANGUAGE_STANDARD = "gnu++0x";
				CLANG_CXX_LIBRARY = "libc++";
				CLANG_ENABLE_MODULES = YES;
				CLANG_ENABLE_OBJC_ARC = YES;
				CLANG_WARN_BOOL_CONVERSION = YES;
				CLANG_WARN_CONSTANT_CONVERSION = YES;
				CLANG_WARN_DIRECT_OBJC_ISA_USAGE = YES_ERROR;
				CLANG_WARN_EMPTY_BODY = YES;
				CLANG_WARN_ENUM_CONVERSION = YES;
				CLANG_WARN_INT_CONVERSION = YES;
				CLANG_WARN_OBJC_ROOT_CLASS = YES_ERROR;
				CLANG_WARN_UNREACHABLE_CODE = YES;
				CLANG_WARN__DUPLICATE_METHOD_MATCH = YES;
				"CODE_SIGN_IDENTITY[sdk=iphoneos*]" = "iPhone Developer";
				COPY_PHASE_STRIP = NO;
				DEBUG_INFORMATION_FORMAT = dwarf;
				ENABLE_STRICT_OBJC_MSGSEND = YES;
				ENABLE_TESTABILITY = YES;
				GCC_C_LANGUAGE_STANDARD = gnu99;
				GCC_DYNAMIC_NO_PIC = NO;
				GCC_NO_COMMON_BLOCKS = YES;
				GCC_OPTIMIZATION_LEVEL = 0;
				GCC_PREPROCESSOR_DEFINITIONS = (
					"DEBUG=1",
					"$(inherited)",
				);
				GCC_WARN_64_TO_32_BIT_CONVERSION = YES;
				GCC_WARN_ABOUT_RETURN_TYPE = YES_ERROR;
				GCC_WARN_UNDECLARED_SELECTOR = YES;
				GCC_WARN_UNINITIALIZED_AUTOS = YES_AGGRESSIVE;
				GCC_WARN_UNUSED_FUNCTION = YES;
				GCC_WARN_UNUSED_VARIABLE = YES;
				IPHONEOS_DEPLOYMENT_TARGET = 9.3;
				MTL_ENABLE_DEBUG_INFO = YES;
				ONLY_ACTIVE_ARCH = YES;
				SDKROOT = iphoneos;
			};
			name = Debug;
		};
		6E449D991CB8B47300165E9B /* Release */ = {
			isa = XCBuildConfiguration;
			buildSettings = {
				ALWAYS_SEARCH_USER_PATHS = NO;
				CLANG_ANALYZER_NONNULL = YES;
				CLANG_CXX_LANGUAGE_STANDARD = "gnu++0x";
				CLANG_CXX_LIBRARY = "libc++";
				CLANG_ENABLE_MODULES = YES;
				CLANG_ENABLE_OBJC_ARC = YES;
				CLANG_WARN_BOOL_CONVERSION = YES;
				CLANG_WARN_CONSTANT_CONVERSION = YES;
				CLANG_WARN_DIRECT_OBJC_ISA_USAGE = YES_ERROR;
				CLANG_WARN_EMPTY_BODY = YES;
				CLANG_WARN_ENUM_CONVERSION = YES;
				CLANG_WARN_INT_CONVERSION = YES;
				CLANG_WARN_OBJC_ROOT_CLASS = YES_ERROR;
				CLANG_WARN_UNREACHABLE_CODE = YES;
				CLANG_WARN__DUPLICATE_METHOD_MATCH = YES;
				"CODE_SIGN_IDENTITY[sdk=iphoneos*]" = "iPhone Developer";
				COPY_PHASE_STRIP = NO;
				DEBUG_INFORMATION_FORMAT = "dwarf-with-dsym";
				ENABLE_NS_ASSERTIONS = NO;
				ENABLE_STRICT_OBJC_MSGSEND = YES;
				GCC_C_LANGUAGE_STANDARD = gnu99;
				GCC_NO_COMMON_BLOCKS = YES;
				GCC_WARN_64_TO_32_BIT_CONVERSION = YES;
				GCC_WARN_ABOUT_RETURN_TYPE = YES_ERROR;
				GCC_WARN_UNDECLARED_SELECTOR = YES;
				GCC_WARN_UNINITIALIZED_AUTOS = YES_AGGRESSIVE;
				GCC_WARN_UNUSED_FUNCTION = YES;
				GCC_WARN_UNUSED_VARIABLE = YES;
				IPHONEOS_DEPLOYMENT_TARGET = 9.3;
				MTL_ENABLE_DEBUG_INFO = NO;
				SDKROOT = iphoneos;
				VALIDATE_PRODUCT = YES;
			};
			name = Release;
		};
		6E449D9B1CB8B47300165E9B /* Debug */ = {
			isa = XCBuildConfiguration;
			baseConfigurationReference = 6F0AC38E829F9AA26ADB58F3 /* Pods.debug.xcconfig */;
			buildSettings = {
				ASSETCATALOG_COMPILER_APPICON_NAME = AppIcon;
				INFOPLIST_FILE = DFINetworkManagerDemo/Info.plist;
				IPHONEOS_DEPLOYMENT_TARGET = 8.0;
				LD_RUNPATH_SEARCH_PATHS = "$(inherited) @executable_path/Frameworks";
				PRODUCT_BUNDLE_IDENTIFIER = com.dazhongcun.DFINetworkManagerDemo;
				PRODUCT_NAME = "$(TARGET_NAME)";
			};
			name = Debug;
		};
		6E449D9C1CB8B47300165E9B /* Release */ = {
			isa = XCBuildConfiguration;
			baseConfigurationReference = F79A87546B64C0D6311CEF7B /* Pods.release.xcconfig */;
			buildSettings = {
				ASSETCATALOG_COMPILER_APPICON_NAME = AppIcon;
				INFOPLIST_FILE = DFINetworkManagerDemo/Info.plist;
				IPHONEOS_DEPLOYMENT_TARGET = 8.0;
				LD_RUNPATH_SEARCH_PATHS = "$(inherited) @executable_path/Frameworks";
				PRODUCT_BUNDLE_IDENTIFIER = com.dazhongcun.DFINetworkManagerDemo;
				PRODUCT_NAME = "$(TARGET_NAME)";
			};
			name = Release;
		};
		6E449D9E1CB8B47300165E9B /* Debug */ = {
			isa = XCBuildConfiguration;
			buildSettings = {
				BUNDLE_LOADER = "$(TEST_HOST)";
				INFOPLIST_FILE = DFINetworkManagerDemoTests/Info.plist;
				LD_RUNPATH_SEARCH_PATHS = "$(inherited) @executable_path/Frameworks @loader_path/Frameworks";
				PRODUCT_BUNDLE_IDENTIFIER = com.dazhongcun.DFINetworkManagerDemoTests;
				PRODUCT_NAME = "$(TARGET_NAME)";
				TEST_HOST = "$(BUILT_PRODUCTS_DIR)/DFINetworkManagerDemo.app/DFINetworkManagerDemo";
			};
			name = Debug;
		};
		6E449D9F1CB8B47300165E9B /* Release */ = {
			isa = XCBuildConfiguration;
			buildSettings = {
				BUNDLE_LOADER = "$(TEST_HOST)";
				INFOPLIST_FILE = DFINetworkManagerDemoTests/Info.plist;
				LD_RUNPATH_SEARCH_PATHS = "$(inherited) @executable_path/Frameworks @loader_path/Frameworks";
				PRODUCT_BUNDLE_IDENTIFIER = com.dazhongcun.DFINetworkManagerDemoTests;
				PRODUCT_NAME = "$(TARGET_NAME)";
				TEST_HOST = "$(BUILT_PRODUCTS_DIR)/DFINetworkManagerDemo.app/DFINetworkManagerDemo";
			};
			name = Release;
		};
		6E449DA11CB8B47300165E9B /* Debug */ = {
			isa = XCBuildConfiguration;
			buildSettings = {
				INFOPLIST_FILE = DFINetworkManagerDemoUITests/Info.plist;
				LD_RUNPATH_SEARCH_PATHS = "$(inherited) @executable_path/Frameworks @loader_path/Frameworks";
				PRODUCT_BUNDLE_IDENTIFIER = com.dazhongcun.DFINetworkManagerDemoUITests;
				PRODUCT_NAME = "$(TARGET_NAME)";
				TEST_TARGET_NAME = DFINetworkManagerDemo;
			};
			name = Debug;
		};
		6E449DA21CB8B47300165E9B /* Release */ = {
			isa = XCBuildConfiguration;
			buildSettings = {
				INFOPLIST_FILE = DFINetworkManagerDemoUITests/Info.plist;
				LD_RUNPATH_SEARCH_PATHS = "$(inherited) @executable_path/Frameworks @loader_path/Frameworks";
				PRODUCT_BUNDLE_IDENTIFIER = com.dazhongcun.DFINetworkManagerDemoUITests;
				PRODUCT_NAME = "$(TARGET_NAME)";
				TEST_TARGET_NAME = DFINetworkManagerDemo;
			};
			name = Release;
		};
/* End XCBuildConfiguration section */

/* Begin XCConfigurationList section */
		6E449D681CB8B47300165E9B /* Build configuration list for PBXProject "DFINetworkManagerDemo" */ = {
			isa = XCConfigurationList;
			buildConfigurations = (
				6E449D981CB8B47300165E9B /* Debug */,
				6E449D991CB8B47300165E9B /* Release */,
			);
			defaultConfigurationIsVisible = 0;
			defaultConfigurationName = Release;
		};
		6E449D9A1CB8B47300165E9B /* Build configuration list for PBXNativeTarget "DFINetworkManagerDemo" */ = {
			isa = XCConfigurationList;
			buildConfigurations = (
				6E449D9B1CB8B47300165E9B /* Debug */,
				6E449D9C1CB8B47300165E9B /* Release */,
			);
			defaultConfigurationIsVisible = 0;
			defaultConfigurationName = Release;
		};
		6E449D9D1CB8B47300165E9B /* Build configuration list for PBXNativeTarget "DFINetworkManagerDemoTests" */ = {
			isa = XCConfigurationList;
			buildConfigurations = (
				6E449D9E1CB8B47300165E9B /* Debug */,
				6E449D9F1CB8B47300165E9B /* Release */,
			);
			defaultConfigurationIsVisible = 0;
			defaultConfigurationName = Release;
		};
		6E449DA01CB8B47300165E9B /* Build configuration list for PBXNativeTarget "DFINetworkManagerDemoUITests" */ = {
			isa = XCConfigurationList;
			buildConfigurations = (
				6E449DA11CB8B47300165E9B /* Debug */,
				6E449DA21CB8B47300165E9B /* Release */,
			);
			defaultConfigurationIsVisible = 0;
			defaultConfigurationName = Release;
		};
/* End XCConfigurationList section */
	};
	rootObject = 6E449D651CB8B47300165E9B /* Project object */;
}
